// !$*UTF8*$!
{
	archiveVersion = 1;
	classes = {
	};
	objectVersion = 46;
	objects = {

/* Begin PBXBuildFile section */
		F08EE4241BCFD66E00797F43 /* net.c in Sources */ = {isa = PBXBuildFile; fileRef = F08EE4181BCFD66E00797F43 /* net.c */; settings = {ASSET_TAGS = (); }; };
		F08EE4251BCFD66E00797F43 /* poll.c in Sources */ = {isa = PBXBuildFile; fileRef = F08EE41A1BCFD66E00797F43 /* poll.c */; settings = {ASSET_TAGS = (); }; };
		F08EE4261BCFD66E00797F43 /* socket_tcp.c in Sources */ = {isa = PBXBuildFile; fileRef = F08EE41C1BCFD66E00797F43 /* socket_tcp.c */; settings = {ASSET_TAGS = (); }; };
		F08EE4271BCFD66E00797F43 /* socket_udp.c in Sources */ = {isa = PBXBuildFile; fileRef = F08EE41E1BCFD66E00797F43 /* socket_udp.c */; settings = {ASSET_TAGS = (); }; };
		F08EE4281BCFD66E00797F43 /* socket.c in Sources */ = {isa = PBXBuildFile; fileRef = F08EE4201BCFD66E00797F43 /* socket.c */; settings = {ASSET_TAGS = (); }; };
		F08EE4291BCFD66E00797F43 /* utils.c in Sources */ = {isa = PBXBuildFile; fileRef = F08EE4221BCFD66E00797F43 /* utils.c */; settings = {ASSET_TAGS = (); }; };
		F08EE42E1BCFD67A00797F43 /* log.c in Sources */ = {isa = PBXBuildFile; fileRef = F08EE42A1BCFD67A00797F43 /* log.c */; settings = {ASSET_TAGS = (); }; };
		F08EE42F1BCFD67A00797F43 /* os.c in Sources */ = {isa = PBXBuildFile; fileRef = F08EE42C1BCFD67A00797F43 /* os.c */; settings = {ASSET_TAGS = (); }; };
		F0E45B771BB2E04800C50E18 /* main.m in Sources */ = {isa = PBXBuildFile; fileRef = F0E45B761BB2E04800C50E18 /* main.m */; };
		F0E45B921BB2E06300C50E18 /* magnode.c in Sources */ = {isa = PBXBuildFile; fileRef = F0E45B811BB2E06300C50E18 /* magnode.c */; settings = {ASSET_TAGS = (); }; };
		F0E45B931BB2E06300C50E18 /* magnode_errcode.c in Sources */ = {isa = PBXBuildFile; fileRef = F0E45B821BB2E06300C50E18 /* magnode_errcode.c */; settings = {ASSET_TAGS = (); }; };
/* End PBXBuildFile section */

/* Begin PBXCopyFilesBuildPhase section */
		F0E45B711BB2E04800C50E18 /* CopyFiles */ = {
			isa = PBXCopyFilesBuildPhase;
			buildActionMask = 2147483647;
			dstPath = /usr/share/man/man1/;
			dstSubfolderSpec = 0;
			files = (
			);
			runOnlyForDeploymentPostprocessing = 1;
		};
/* End PBXCopyFilesBuildPhase section */

/* Begin PBXFileReference section */
		F08EE4181BCFD66E00797F43 /* net.c */ = {isa = PBXFileReference; fileEncoding = 4; lastKnownFileType = sourcecode.c.c; path = net.c; sourceTree = "<group>"; };
		F08EE4191BCFD66E00797F43 /* net.h */ = {isa = PBXFileReference; fileEncoding = 4; lastKnownFileType = sourcecode.c.h; path = net.h; sourceTree = "<group>"; };
		F08EE41A1BCFD66E00797F43 /* poll.c */ = {isa = PBXFileReference; fileEncoding = 4; lastKnownFileType = sourcecode.c.c; path = poll.c; sourceTree = "<group>"; };
		F08EE41B1BCFD66E00797F43 /* poll.h */ = {isa = PBXFileReference; fileEncoding = 4; lastKnownFileType = sourcecode.c.h; path = poll.h; sourceTree = "<group>"; };
		F08EE41C1BCFD66E00797F43 /* socket_tcp.c */ = {isa = PBXFileReference; fileEncoding = 4; lastKnownFileType = sourcecode.c.c; path = socket_tcp.c; sourceTree = "<group>"; };
		F08EE41D1BCFD66E00797F43 /* socket_tcp.h */ = {isa = PBXFileReference; fileEncoding = 4; lastKnownFileType = sourcecode.c.h; path = socket_tcp.h; sourceTree = "<group>"; };
		F08EE41E1BCFD66E00797F43 /* socket_udp.c */ = {isa = PBXFileReference; fileEncoding = 4; lastKnownFileType = sourcecode.c.c; path = socket_udp.c; sourceTree = "<group>"; };
		F08EE41F1BCFD66E00797F43 /* socket_udp.h */ = {isa = PBXFileReference; fileEncoding = 4; lastKnownFileType = sourcecode.c.h; path = socket_udp.h; sourceTree = "<group>"; };
		F08EE4201BCFD66E00797F43 /* socket.c */ = {isa = PBXFileReference; fileEncoding = 4; lastKnownFileType = sourcecode.c.c; path = socket.c; sourceTree = "<group>"; };
		F08EE4211BCFD66E00797F43 /* socket.h */ = {isa = PBXFileReference; fileEncoding = 4; lastKnownFileType = sourcecode.c.h; path = socket.h; sourceTree = "<group>"; };
		F08EE4221BCFD66E00797F43 /* utils.c */ = {isa = PBXFileReference; fileEncoding = 4; lastKnownFileType = sourcecode.c.c; path = utils.c; sourceTree = "<group>"; };
		F08EE4231BCFD66E00797F43 /* utils.h */ = {isa = PBXFileReference; fileEncoding = 4; lastKnownFileType = sourcecode.c.h; path = utils.h; sourceTree = "<group>"; };
		F08EE42A1BCFD67A00797F43 /* log.c */ = {isa = PBXFileReference; fileEncoding = 4; lastKnownFileType = sourcecode.c.c; path = log.c; sourceTree = "<group>"; };
		F08EE42B1BCFD67A00797F43 /* log.h */ = {isa = PBXFileReference; fileEncoding = 4; lastKnownFileType = sourcecode.c.h; path = log.h; sourceTree = "<group>"; };
		F08EE42C1BCFD67A00797F43 /* os.c */ = {isa = PBXFileReference; fileEncoding = 4; lastKnownFileType = sourcecode.c.c; path = os.c; sourceTree = "<group>"; };
		F08EE42D1BCFD67A00797F43 /* os.h */ = {isa = PBXFileReference; fileEncoding = 4; lastKnownFileType = sourcecode.c.h; path = os.h; sourceTree = "<group>"; };
		F0E45B731BB2E04800C50E18 /* test_magnode */ = {isa = PBXFileReference; explicitFileType = "compiled.mach-o.executable"; includeInIndex = 0; path = test_magnode; sourceTree = BUILT_PRODUCTS_DIR; };
		F0E45B761BB2E04800C50E18 /* main.m */ = {isa = PBXFileReference; lastKnownFileType = sourcecode.c.objc; path = main.m; sourceTree = "<group>"; };
		F0E45B7E1BB2E06300C50E18 /* magnode.h */ = {isa = PBXFileReference; fileEncoding = 4; lastKnownFileType = sourcecode.c.h; path = magnode.h; sourceTree = "<group>"; };
		F0E45B7F1BB2E06300C50E18 /* magnode_errcode.h */ = {isa = PBXFileReference; fileEncoding = 4; lastKnownFileType = sourcecode.c.h; path = magnode_errcode.h; sourceTree = "<group>"; };
		F0E45B811BB2E06300C50E18 /* magnode.c */ = {isa = PBXFileReference; fileEncoding = 4; lastKnownFileType = sourcecode.c.c; path = magnode.c; sourceTree = "<group>"; };
		F0E45B821BB2E06300C50E18 /* magnode_errcode.c */ = {isa = PBXFileReference; fileEncoding = 4; lastKnownFileType = sourcecode.c.c; path = magnode_errcode.c; sourceTree = "<group>"; };
/* End PBXFileReference section */

/* Begin PBXFrameworksBuildPhase section */
		F0E45B701BB2E04800C50E18 /* Frameworks */ = {
			isa = PBXFrameworksBuildPhase;
			buildActionMask = 2147483647;
			files = (
			);
			runOnlyForDeploymentPostprocessing = 0;
		};
/* End PBXFrameworksBuildPhase section */

/* Begin PBXGroup section */
		F0E45B6A1BB2E04800C50E18 = {
			isa = PBXGroup;
			children = (
				F0E45B7D1BB2E06300C50E18 /* include */,
				F0E45B801BB2E06300C50E18 /* src */,
				F0E45B751BB2E04800C50E18 /* test_magnode */,
				F0E45B741BB2E04800C50E18 /* Products */,
			);
			sourceTree = "<group>";
		};
		F0E45B741BB2E04800C50E18 /* Products */ = {
			isa = PBXGroup;
			children = (
				F0E45B731BB2E04800C50E18 /* test_magnode */,
			);
			name = Products;
			sourceTree = "<group>";
		};
		F0E45B751BB2E04800C50E18 /* test_magnode */ = {
			isa = PBXGroup;
			children = (
				F0E45B761BB2E04800C50E18 /* main.m */,
			);
			path = test_magnode;
			sourceTree = "<group>";
		};
		F0E45B7D1BB2E06300C50E18 /* include */ = {
			isa = PBXGroup;
			children = (
				F0E45B7E1BB2E06300C50E18 /* magnode.h */,
				F0E45B7F1BB2E06300C50E18 /* magnode_errcode.h */,
			);
			name = include;
			path = ../../../magnode/include;
			sourceTree = "<group>";
		};
		F0E45B801BB2E06300C50E18 /* src */ = {
			isa = PBXGroup;
			children = (
				F0E45B811BB2E06300C50E18 /* magnode.c */,
				F0E45B821BB2E06300C50E18 /* magnode_errcode.c */,
				F0E45B831BB2E06300C50E18 /* net */,
				F0E45B911BB2E06300C50E18 /* utils */,
			);
			name = src;
			path = ../../../magnode/src;
			sourceTree = "<group>";
		};
		F0E45B831BB2E06300C50E18 /* net */ = {
			isa = PBXGroup;
			children = (
				F08EE4181BCFD66E00797F43 /* net.c */,
				F08EE4191BCFD66E00797F43 /* net.h */,
				F08EE41A1BCFD66E00797F43 /* poll.c */,
				F08EE41B1BCFD66E00797F43 /* poll.h */,
				F08EE41C1BCFD66E00797F43 /* socket_tcp.c */,
				F08EE41D1BCFD66E00797F43 /* socket_tcp.h */,
				F08EE41E1BCFD66E00797F43 /* socket_udp.c */,
				F08EE41F1BCFD66E00797F43 /* socket_udp.h */,
				F08EE4201BCFD66E00797F43 /* socket.c */,
				F08EE4211BCFD66E00797F43 /* socket.h */,
				F08EE4221BCFD66E00797F43 /* utils.c */,
				F08EE4231BCFD66E00797F43 /* utils.h */,
			);
			path = net;
			sourceTree = "<group>";
		};
		F0E45B911BB2E06300C50E18 /* utils */ = {
			isa = PBXGroup;
			children = (
				F08EE42A1BCFD67A00797F43 /* log.c */,
				F08EE42B1BCFD67A00797F43 /* log.h */,
				F08EE42C1BCFD67A00797F43 /* os.c */,
				F08EE42D1BCFD67A00797F43 /* os.h */,
			);
			path = utils;
			sourceTree = "<group>";
		};
/* End PBXGroup section */

/* Begin PBXNativeTarget section */
		F0E45B721BB2E04800C50E18 /* test_magnode */ = {
			isa = PBXNativeTarget;
			buildConfigurationList = F0E45B7A1BB2E04800C50E18 /* Build configuration list for PBXNativeTarget "test_magnode" */;
			buildPhases = (
				F0E45B6F1BB2E04800C50E18 /* Sources */,
				F0E45B701BB2E04800C50E18 /* Frameworks */,
				F0E45B711BB2E04800C50E18 /* CopyFiles */,
			);
			buildRules = (
			);
			dependencies = (
			);
			name = test_magnode;
			productName = test_magnode;
			productReference = F0E45B731BB2E04800C50E18 /* test_magnode */;
			productType = "com.apple.product-type.tool";
		};
/* End PBXNativeTarget section */

/* Begin PBXProject section */
		F0E45B6B1BB2E04800C50E18 /* Project object */ = {
			isa = PBXProject;
			attributes = {
				LastUpgradeCheck = 0700;
				ORGANIZATIONNAME = cz;
				TargetAttributes = {
					F0E45B721BB2E04800C50E18 = {
						CreatedOnToolsVersion = 7.0;
					};
				};
			};
			buildConfigurationList = F0E45B6E1BB2E04800C50E18 /* Build configuration list for PBXProject "test_magnode" */;
			compatibilityVersion = "Xcode 3.2";
			developmentRegion = English;
			hasScannedForEncodings = 0;
			knownRegions = (
				en,
			);
			mainGroup = F0E45B6A1BB2E04800C50E18;
			productRefGroup = F0E45B741BB2E04800C50E18 /* Products */;
			projectDirPath = "";
			projectRoot = "";
			targets = (
				F0E45B721BB2E04800C50E18 /* test_magnode */,
			);
		};
/* End PBXProject section */

/* Begin PBXSourcesBuildPhase section */
		F0E45B6F1BB2E04800C50E18 /* Sources */ = {
			isa = PBXSourcesBuildPhase;
			buildActionMask = 2147483647;
			files = (
				F08EE4251BCFD66E00797F43 /* poll.c in Sources */,
				F0E45B771BB2E04800C50E18 /* main.m in Sources */,
				F08EE42E1BCFD67A00797F43 /* log.c in Sources */,
				F08EE4281BCFD66E00797F43 /* socket.c in Sources */,
				F08EE4291BCFD66E00797F43 /* utils.c in Sources */,
				F08EE4261BCFD66E00797F43 /* socket_tcp.c in Sources */,
				F08EE4271BCFD66E00797F43 /* socket_udp.c in Sources */,
				F08EE4241BCFD66E00797F43 /* net.c in Sources */,
				F08EE42F1BCFD67A00797F43 /* os.c in Sources */,
				F0E45B921BB2E06300C50E18 /* magnode.c in Sources */,
				F0E45B931BB2E06300C50E18 /* magnode_errcode.c in Sources */,
			);
			runOnlyForDeploymentPostprocessing = 0;
		};
/* End PBXSourcesBuildPhase section */

/* Begin XCBuildConfiguration section */
		F0E45B781BB2E04800C50E18 /* Debug */ = {
			isa = XCBuildConfiguration;
			buildSettings = {
				ALWAYS_SEARCH_USER_PATHS = NO;
				CLANG_CXX_LANGUAGE_STANDARD = "gnu++0x";
				CLANG_CXX_LIBRARY = "libc++";
				CLANG_ENABLE_MODULES = YES;
				CLANG_ENABLE_OBJC_ARC = YES;
				CLANG_WARN_BOOL_CONVERSION = YES;
				CLANG_WARN_CONSTANT_CONVERSION = YES;
				CLANG_WARN_DIRECT_OBJC_ISA_USAGE = YES_ERROR;
				CLANG_WARN_EMPTY_BODY = YES;
				CLANG_WARN_ENUM_CONVERSION = YES;
				CLANG_WARN_INT_CONVERSION = YES;
				CLANG_WARN_OBJC_ROOT_CLASS = YES_ERROR;
				CLANG_WARN_UNREACHABLE_CODE = YES;
				CLANG_WARN__DUPLICATE_METHOD_MATCH = YES;
				COPY_PHASE_STRIP = NO;
				DEBUG_INFORMATION_FORMAT = dwarf;
				ENABLE_STRICT_OBJC_MSGSEND = YES;
				ENABLE_TESTABILITY = YES;
				GCC_C_LANGUAGE_STANDARD = gnu99;
				GCC_DYNAMIC_NO_PIC = NO;
				GCC_NO_COMMON_BLOCKS = YES;
				GCC_OPTIMIZATION_LEVEL = 0;
				GCC_PREPROCESSOR_DEFINITIONS = (
					"DEBUG=1",
					"$(inherited)",
				);
				GCC_WARN_64_TO_32_BIT_CONVERSION = YES;
				GCC_WARN_ABOUT_RETURN_TYPE = YES_ERROR;
				GCC_WARN_UNDECLARED_SELECTOR = YES;
				GCC_WARN_UNINITIALIZED_AUTOS = YES_AGGRESSIVE;
				GCC_WARN_UNUSED_FUNCTION = YES;
				GCC_WARN_UNUSED_VARIABLE = YES;
				MACOSX_DEPLOYMENT_TARGET = 10.10;
				MTL_ENABLE_DEBUG_INFO = YES;
				ONLY_ACTIVE_ARCH = YES;
				SDKROOT = macosx;
			};
			name = Debug;
		};
		F0E45B791BB2E04800C50E18 /* Release */ = {
			isa = XCBuildConfiguration;
			buildSettings = {
				ALWAYS_SEARCH_USER_PATHS = NO;
				CLANG_CXX_LANGUAGE_STANDARD = "gnu++0x";
				CLANG_CXX_LIBRARY = "libc++";
				CLANG_ENABLE_MODULES = YES;
				CLANG_ENABLE_OBJC_ARC = YES;
				CLANG_WARN_BOOL_CONVERSION = YES;
				CLANG_WARN_CONSTANT_CONVERSION = YES;
				CLANG_WARN_DIRECT_OBJC_ISA_USAGE = YES_ERROR;
				CLANG_WARN_EMPTY_BODY = YES;
				CLANG_WARN_ENUM_CONVERSION = YES;
				CLANG_WARN_INT_CONVERSION = YES;
				CLANG_WARN_OBJC_ROOT_CLASS = YES_ERROR;
				CLANG_WARN_UNREACHABLE_CODE = YES;
				CLANG_WARN__DUPLICATE_METHOD_MATCH = YES;
				COPY_PHASE_STRIP = NO;
				DEBUG_INFORMATION_FORMAT = "dwarf-with-dsym";
				ENABLE_NS_ASSERTIONS = NO;
				ENABLE_STRICT_OBJC_MSGSEND = YES;
				GCC_C_LANGUAGE_STANDARD = gnu99;
				GCC_NO_COMMON_BLOCKS = YES;
				GCC_WARN_64_TO_32_BIT_CONVERSION = YES;
				GCC_WARN_ABOUT_RETURN_TYPE = YES_ERROR;
				GCC_WARN_UNDECLARED_SELECTOR = YES;
				GCC_WARN_UNINITIALIZED_AUTOS = YES_AGGRESSIVE;
				GCC_WARN_UNUSED_FUNCTION = YES;
				GCC_WARN_UNUSED_VARIABLE = YES;
				MACOSX_DEPLOYMENT_TARGET = 10.10;
				MTL_ENABLE_DEBUG_INFO = NO;
				SDKROOT = macosx;
			};
			name = Release;
		};
		F0E45B7B1BB2E04800C50E18 /* Debug */ = {
			isa = XCBuildConfiguration;
			buildSettings = {
				PRODUCT_NAME = "$(TARGET_NAME)";
			};
			name = Debug;
		};
		F0E45B7C1BB2E04800C50E18 /* Release */ = {
			isa = XCBuildConfiguration;
			buildSettings = {
				PRODUCT_NAME = "$(TARGET_NAME)";
			};
			name = Release;
		};
/* End XCBuildConfiguration section */

/* Begin XCConfigurationList section */
		F0E45B6E1BB2E04800C50E18 /* Build configuration list for PBXProject "test_magnode" */ = {
			isa = XCConfigurationList;
			buildConfigurations = (
				F0E45B781BB2E04800C50E18 /* Debug */,
				F0E45B791BB2E04800C50E18 /* Release */,
			);
			defaultConfigurationIsVisible = 0;
			defaultConfigurationName = Release;
		};
		F0E45B7A1BB2E04800C50E18 /* Build configuration list for PBXNativeTarget "test_magnode" */ = {
			isa = XCConfigurationList;
			buildConfigurations = (
				F0E45B7B1BB2E04800C50E18 /* Debug */,
				F0E45B7C1BB2E04800C50E18 /* Release */,
			);
			defaultConfigurationIsVisible = 0;
			defaultConfigurationName = Release;
		};
/* End XCConfigurationList section */
	};
	rootObject = F0E45B6B1BB2E04800C50E18 /* Project object */;
}
